
Microsoft Visual Studio Solution File, Format Version 12.00
# Visual Studio Version 16
VisualStudioVersion = 16.0.32106.194
MinimumVisualStudioVersion = 10.0.40219.1
Project("{FAE04EC0-301F-11D3-BF4B-00C04F79EFBC}") = "proj4Aula2", "proj4Aula2\proj4Aula2.csproj", "{86AB9A45-58A9-404C-ADCB-976F3CA153EC}"
EndProject
Global
	GlobalSection(SolutionConfigurationPlatforms) = preSolution
		Debug|Any CPU = Debug|Any CPU
		Release|Any CPU = Release|Any CPU
	EndGlobalSection
	GlobalSection(ProjectConfigurationPlatforms) = postSolution
		{86AB9A45-58A9-404C-ADCB-976F3CA153EC}.Debug|Any CPU.ActiveCfg = Debug|Any CPU
		{86AB9A45-58A9-404C-ADCB-976F3CA153EC}.Debug|Any CPU.Build.0 = Debug|Any CPU
		{86AB9A45-58A9-404C-ADCB-976F3CA153EC}.Release|Any CPU.ActiveCfg = Release|Any CPU
		{86AB9A45-58A9-404C-ADCB-976F3CA153EC}.Release|Any CPU.Build.0 = Release|Any CPU
	EndGlobalSection
	GlobalSection(SolutionProperties) = preSolution
		HideSolutionNode = FALSE
	EndGlobalSection
	GlobalSection(ExtensibilityGlobals) = postSolution
		SolutionGuid = {E73309BE-062F-416C-836D-855522908FC2}
	EndGlobalSection
EndGlobal
