
Microsoft Visual Studio Solution File, Format Version 12.00
# Visual Studio Version 16
VisualStudioVersion = 16.0.32106.194
MinimumVisualStudioVersion = 10.0.40219.1
Project("{FAE04EC0-301F-11D3-BF4B-00C04F79EFBC}") = "proj3Aula2", "proj3Aula2\proj3Aula2.csproj", "{0F14C066-1378-43AB-9868-C3C959999518}"
EndProject
Global
	GlobalSection(SolutionConfigurationPlatforms) = preSolution
		Debug|Any CPU = Debug|Any CPU
		Release|Any CPU = Release|Any CPU
	EndGlobalSection
	GlobalSection(ProjectConfigurationPlatforms) = postSolution
		{0F14C066-1378-43AB-9868-C3C959999518}.Debug|Any CPU.ActiveCfg = Debug|Any CPU
		{0F14C066-1378-43AB-9868-C3C959999518}.Debug|Any CPU.Build.0 = Debug|Any CPU
		{0F14C066-1378-43AB-9868-C3C959999518}.Release|Any CPU.ActiveCfg = Release|Any CPU
		{0F14C066-1378-43AB-9868-C3C959999518}.Release|Any CPU.Build.0 = Release|Any CPU
	EndGlobalSection
	GlobalSection(SolutionProperties) = preSolution
		HideSolutionNode = FALSE
	EndGlobalSection
	GlobalSection(ExtensibilityGlobals) = postSolution
		SolutionGuid = {83D3245B-FD91-4F41-A7DA-5B242DD162FB}
	EndGlobalSection
EndGlobal
