
Microsoft Visual Studio Solution File, Format Version 12.00
# Visual Studio Version 16
VisualStudioVersion = 16.0.32106.194
MinimumVisualStudioVersion = 10.0.40219.1
Project("{FAE04EC0-301F-11D3-BF4B-00C04F79EFBC}") = "proj9Aula2", "proj9Aula2\proj9Aula2.csproj", "{C4148B09-0593-496D-80DA-FED32CF02DDB}"
EndProject
Global
	GlobalSection(SolutionConfigurationPlatforms) = preSolution
		Debug|Any CPU = Debug|Any CPU
		Release|Any CPU = Release|Any CPU
	EndGlobalSection
	GlobalSection(ProjectConfigurationPlatforms) = postSolution
		{C4148B09-0593-496D-80DA-FED32CF02DDB}.Debug|Any CPU.ActiveCfg = Debug|Any CPU
		{C4148B09-0593-496D-80DA-FED32CF02DDB}.Debug|Any CPU.Build.0 = Debug|Any CPU
		{C4148B09-0593-496D-80DA-FED32CF02DDB}.Release|Any CPU.ActiveCfg = Release|Any CPU
		{C4148B09-0593-496D-80DA-FED32CF02DDB}.Release|Any CPU.Build.0 = Release|Any CPU
	EndGlobalSection
	GlobalSection(SolutionProperties) = preSolution
		HideSolutionNode = FALSE
	EndGlobalSection
	GlobalSection(ExtensibilityGlobals) = postSolution
		SolutionGuid = {BC452E5D-DD35-4FA8-9900-FDAF8796C7C5}
	EndGlobalSection
EndGlobal
