
Microsoft Visual Studio Solution File, Format Version 12.00
# Visual Studio Version 16
VisualStudioVersion = 16.0.32106.194
MinimumVisualStudioVersion = 10.0.40219.1
Project("{FAE04EC0-301F-11D3-BF4B-00C04F79EFBC}") = "proj8Aula3", "proj8Aula3\proj8Aula3.csproj", "{40680683-BEDA-4C30-8938-82FB872B0FC1}"
EndProject
Global
	GlobalSection(SolutionConfigurationPlatforms) = preSolution
		Debug|Any CPU = Debug|Any CPU
		Release|Any CPU = Release|Any CPU
	EndGlobalSection
	GlobalSection(ProjectConfigurationPlatforms) = postSolution
		{40680683-BEDA-4C30-8938-82FB872B0FC1}.Debug|Any CPU.ActiveCfg = Debug|Any CPU
		{40680683-BEDA-4C30-8938-82FB872B0FC1}.Debug|Any CPU.Build.0 = Debug|Any CPU
		{40680683-BEDA-4C30-8938-82FB872B0FC1}.Release|Any CPU.ActiveCfg = Release|Any CPU
		{40680683-BEDA-4C30-8938-82FB872B0FC1}.Release|Any CPU.Build.0 = Release|Any CPU
	EndGlobalSection
	GlobalSection(SolutionProperties) = preSolution
		HideSolutionNode = FALSE
	EndGlobalSection
	GlobalSection(ExtensibilityGlobals) = postSolution
		SolutionGuid = {FBDEB944-C91C-46AB-9EE7-88CB6AACB0B5}
	EndGlobalSection
EndGlobal
