
Microsoft Visual Studio Solution File, Format Version 12.00
# Visual Studio Version 16
VisualStudioVersion = 16.0.32106.194
MinimumVisualStudioVersion = 10.0.40219.1
Project("{FAE04EC0-301F-11D3-BF4B-00C04F79EFBC}") = "Meu primeiro projeto", "Meu primeiro projeto\Meu primeiro projeto.csproj", "{7D1FDDE8-6CCC-48FF-A186-A6B0F0245B2F}"
EndProject
Global
	GlobalSection(SolutionConfigurationPlatforms) = preSolution
		Debug|Any CPU = Debug|Any CPU
		Release|Any CPU = Release|Any CPU
	EndGlobalSection
	GlobalSection(ProjectConfigurationPlatforms) = postSolution
		{7D1FDDE8-6CCC-48FF-A186-A6B0F0245B2F}.Debug|Any CPU.ActiveCfg = Debug|Any CPU
		{7D1FDDE8-6CCC-48FF-A186-A6B0F0245B2F}.Debug|Any CPU.Build.0 = Debug|Any CPU
		{7D1FDDE8-6CCC-48FF-A186-A6B0F0245B2F}.Release|Any CPU.ActiveCfg = Release|Any CPU
		{7D1FDDE8-6CCC-48FF-A186-A6B0F0245B2F}.Release|Any CPU.Build.0 = Release|Any CPU
	EndGlobalSection
	GlobalSection(SolutionProperties) = preSolution
		HideSolutionNode = FALSE
	EndGlobalSection
	GlobalSection(ExtensibilityGlobals) = postSolution
		SolutionGuid = {1DF6E422-B753-454C-9E1E-708B944C32AF}
	EndGlobalSection
EndGlobal
