
Microsoft Visual Studio Solution File, Format Version 12.00
# Visual Studio Version 16
VisualStudioVersion = 16.0.32106.194
MinimumVisualStudioVersion = 10.0.40219.1
Project("{FAE04EC0-301F-11D3-BF4B-00C04F79EFBC}") = "proj7Aula5", "proj7Aula5\proj7Aula5.csproj", "{56EAA8E7-F359-405F-9179-9AB62D3E8666}"
EndProject
Global
	GlobalSection(SolutionConfigurationPlatforms) = preSolution
		Debug|Any CPU = Debug|Any CPU
		Release|Any CPU = Release|Any CPU
	EndGlobalSection
	GlobalSection(ProjectConfigurationPlatforms) = postSolution
		{56EAA8E7-F359-405F-9179-9AB62D3E8666}.Debug|Any CPU.ActiveCfg = Debug|Any CPU
		{56EAA8E7-F359-405F-9179-9AB62D3E8666}.Debug|Any CPU.Build.0 = Debug|Any CPU
		{56EAA8E7-F359-405F-9179-9AB62D3E8666}.Release|Any CPU.ActiveCfg = Release|Any CPU
		{56EAA8E7-F359-405F-9179-9AB62D3E8666}.Release|Any CPU.Build.0 = Release|Any CPU
	EndGlobalSection
	GlobalSection(SolutionProperties) = preSolution
		HideSolutionNode = FALSE
	EndGlobalSection
	GlobalSection(ExtensibilityGlobals) = postSolution
		SolutionGuid = {7918794A-9AE3-4B07-B4CB-036DE2E2BCC9}
	EndGlobalSection
EndGlobal
