
Microsoft Visual Studio Solution File, Format Version 12.00
# Visual Studio Version 16
VisualStudioVersion = 16.0.32106.194
MinimumVisualStudioVersion = 10.0.40219.1
Project("{FAE04EC0-301F-11D3-BF4B-00C04F79EFBC}") = "proj24Aula3", "proj24Aula3\proj24Aula3.csproj", "{70B20DCC-F830-494A-90FF-BD1409077228}"
EndProject
Global
	GlobalSection(SolutionConfigurationPlatforms) = preSolution
		Debug|Any CPU = Debug|Any CPU
		Release|Any CPU = Release|Any CPU
	EndGlobalSection
	GlobalSection(ProjectConfigurationPlatforms) = postSolution
		{70B20DCC-F830-494A-90FF-BD1409077228}.Debug|Any CPU.ActiveCfg = Debug|Any CPU
		{70B20DCC-F830-494A-90FF-BD1409077228}.Debug|Any CPU.Build.0 = Debug|Any CPU
		{70B20DCC-F830-494A-90FF-BD1409077228}.Release|Any CPU.ActiveCfg = Release|Any CPU
		{70B20DCC-F830-494A-90FF-BD1409077228}.Release|Any CPU.Build.0 = Release|Any CPU
	EndGlobalSection
	GlobalSection(SolutionProperties) = preSolution
		HideSolutionNode = FALSE
	EndGlobalSection
	GlobalSection(ExtensibilityGlobals) = postSolution
		SolutionGuid = {E83E8C57-8554-410B-8E0E-F246221F9773}
	EndGlobalSection
EndGlobal
