
Microsoft Visual Studio Solution File, Format Version 12.00
# Visual Studio Version 16
VisualStudioVersion = 16.0.32106.194
MinimumVisualStudioVersion = 10.0.40219.1
Project("{FAE04EC0-301F-11D3-BF4B-00C04F79EFBC}") = "proj1Aula2", "proj1Aula2\proj1Aula2.csproj", "{BF94ABA0-1C0B-413C-BAC7-5BE6DF74C02A}"
EndProject
Global
	GlobalSection(SolutionConfigurationPlatforms) = preSolution
		Debug|Any CPU = Debug|Any CPU
		Release|Any CPU = Release|Any CPU
	EndGlobalSection
	GlobalSection(ProjectConfigurationPlatforms) = postSolution
		{BF94ABA0-1C0B-413C-BAC7-5BE6DF74C02A}.Debug|Any CPU.ActiveCfg = Debug|Any CPU
		{BF94ABA0-1C0B-413C-BAC7-5BE6DF74C02A}.Debug|Any CPU.Build.0 = Debug|Any CPU
		{BF94ABA0-1C0B-413C-BAC7-5BE6DF74C02A}.Release|Any CPU.ActiveCfg = Release|Any CPU
		{BF94ABA0-1C0B-413C-BAC7-5BE6DF74C02A}.Release|Any CPU.Build.0 = Release|Any CPU
	EndGlobalSection
	GlobalSection(SolutionProperties) = preSolution
		HideSolutionNode = FALSE
	EndGlobalSection
	GlobalSection(ExtensibilityGlobals) = postSolution
		SolutionGuid = {A5FB965D-0875-4570-B3D9-A72965559E5F}
	EndGlobalSection
EndGlobal
