
Microsoft Visual Studio Solution File, Format Version 12.00
# Visual Studio Version 16
VisualStudioVersion = 16.0.32106.194
MinimumVisualStudioVersion = 10.0.40219.1
Project("{FAE04EC0-301F-11D3-BF4B-00C04F79EFBC}") = "proj5Aula2", "proj5Aula2\proj5Aula2.csproj", "{FA3C4D7F-7C34-494B-B596-D0C9F09D554E}"
EndProject
Global
	GlobalSection(SolutionConfigurationPlatforms) = preSolution
		Debug|Any CPU = Debug|Any CPU
		Release|Any CPU = Release|Any CPU
	EndGlobalSection
	GlobalSection(ProjectConfigurationPlatforms) = postSolution
		{FA3C4D7F-7C34-494B-B596-D0C9F09D554E}.Debug|Any CPU.ActiveCfg = Debug|Any CPU
		{FA3C4D7F-7C34-494B-B596-D0C9F09D554E}.Debug|Any CPU.Build.0 = Debug|Any CPU
		{FA3C4D7F-7C34-494B-B596-D0C9F09D554E}.Release|Any CPU.ActiveCfg = Release|Any CPU
		{FA3C4D7F-7C34-494B-B596-D0C9F09D554E}.Release|Any CPU.Build.0 = Release|Any CPU
	EndGlobalSection
	GlobalSection(SolutionProperties) = preSolution
		HideSolutionNode = FALSE
	EndGlobalSection
	GlobalSection(ExtensibilityGlobals) = postSolution
		SolutionGuid = {46B19E58-7FCB-427B-8C65-738E27E1F217}
	EndGlobalSection
EndGlobal
