
Microsoft Visual Studio Solution File, Format Version 12.00
# Visual Studio Version 16
VisualStudioVersion = 16.0.32106.194
MinimumVisualStudioVersion = 10.0.40219.1
Project("{FAE04EC0-301F-11D3-BF4B-00C04F79EFBC}") = "proj20Aula3", "proj20Aula3\proj20Aula3.csproj", "{7E71A8A5-FE81-448F-9FA1-3ECF29FC53BA}"
EndProject
Global
	GlobalSection(SolutionConfigurationPlatforms) = preSolution
		Debug|Any CPU = Debug|Any CPU
		Release|Any CPU = Release|Any CPU
	EndGlobalSection
	GlobalSection(ProjectConfigurationPlatforms) = postSolution
		{7E71A8A5-FE81-448F-9FA1-3ECF29FC53BA}.Debug|Any CPU.ActiveCfg = Debug|Any CPU
		{7E71A8A5-FE81-448F-9FA1-3ECF29FC53BA}.Debug|Any CPU.Build.0 = Debug|Any CPU
		{7E71A8A5-FE81-448F-9FA1-3ECF29FC53BA}.Release|Any CPU.ActiveCfg = Release|Any CPU
		{7E71A8A5-FE81-448F-9FA1-3ECF29FC53BA}.Release|Any CPU.Build.0 = Release|Any CPU
	EndGlobalSection
	GlobalSection(SolutionProperties) = preSolution
		HideSolutionNode = FALSE
	EndGlobalSection
	GlobalSection(ExtensibilityGlobals) = postSolution
		SolutionGuid = {8DEF4A95-66A3-4C23-B5B2-4839C572A2B7}
	EndGlobalSection
EndGlobal
